
Microsoft Visual Studio Solution File, Format Version 12.00
# Visual Studio Version 17
VisualStudioVersion = 17.14.36518.9 d17.14
MinimumVisualStudioVersion = 10.0.40219.1
Project("{FAE04EC0-301F-11D3-BF4B-00C04F79EFBC}") = "BTL_LTTQ_BIDA", "BTL_LTTQ_BIDA\BTL_LTTQ_BIDA.csproj", "{7D2CA021-D684-4B14-87F9-3B3FA0CF72B0}"
EndProject
Global
	GlobalSection(SolutionConfigurationPlatforms) = preSolution
		Debug|Any CPU = Debug|Any CPU
		Release|Any CPU = Release|Any CPU
	EndGlobalSection
	GlobalSection(ProjectConfigurationPlatforms) = postSolution
		{7D2CA021-D684-4B14-87F9-3B3FA0CF72B0}.Debug|Any CPU.ActiveCfg = Debug|Any CPU
		{7D2CA021-D684-4B14-87F9-3B3FA0CF72B0}.Debug|Any CPU.Build.0 = Debug|Any CPU
		{7D2CA021-D684-4B14-87F9-3B3FA0CF72B0}.Release|Any CPU.ActiveCfg = Release|Any CPU
		{7D2CA021-D684-4B14-87F9-3B3FA0CF72B0}.Release|Any CPU.Build.0 = Release|Any CPU
	EndGlobalSection
	GlobalSection(SolutionProperties) = preSolution
		HideSolutionNode = FALSE
	EndGlobalSection
	GlobalSection(ExtensibilityGlobals) = postSolution
		SolutionGuid = {783D7851-8F2A-4AA8-A90E-DF439C1785DE}
	EndGlobalSection
EndGlobal
